
Microsoft Visual Studio Solution File, Format Version 12.00
# Visual Studio 15
VisualStudioVersion = 15.0.28307.136
MinimumVisualStudioVersion = 10.0.40219.1
Project("{FAE04EC0-301F-11D3-BF4B-00C04F79EFBC}") = "ControlGastos", "ControlGastos\ControlGastos.csproj", "{051494AC-96B2-46CA-BB55-3019860FC3FC}"
EndProject
Global
	GlobalSection(SolutionConfigurationPlatforms) = preSolution
		Debug|Any CPU = Debug|Any CPU
		Release|Any CPU = Release|Any CPU
	EndGlobalSection
	GlobalSection(ProjectConfigurationPlatforms) = postSolution
		{051494AC-96B2-46CA-BB55-3019860FC3FC}.Debug|Any CPU.ActiveCfg = Debug|Any CPU
		{051494AC-96B2-46CA-BB55-3019860FC3FC}.Debug|Any CPU.Build.0 = Debug|Any CPU
		{051494AC-96B2-46CA-BB55-3019860FC3FC}.Release|Any CPU.ActiveCfg = Release|Any CPU
		{051494AC-96B2-46CA-BB55-3019860FC3FC}.Release|Any CPU.Build.0 = Release|Any CPU
	EndGlobalSection
	GlobalSection(SolutionProperties) = preSolution
		HideSolutionNode = FALSE
	EndGlobalSection
	GlobalSection(ExtensibilityGlobals) = postSolution
		SolutionGuid = {84572955-98F6-4AE5-B835-FA59840ECFBC}
	EndGlobalSection
EndGlobal
